// !$*UTF8*$!
{
	archiveVersion = 1;
	classes = {
	};
	objectVersion = 56;
	objects = {

/* Begin PBXBuildFile section */
		2147AC4B2C574D3500E1D105 /* FloatBtn.swift in Sources */ = {isa = PBXBuildFile; fileRef = 2147AC4A2C574D3500E1D105 /* FloatBtn.swift */; };
		2147AC4D2C5787C300E1D105 /* SwiftUIView.swift in Sources */ = {isa = PBXBuildFile; fileRef = 2147AC4C2C5787C300E1D105 /* SwiftUIView.swift */; };
		21F05CCB2C5734A6001355CC /* AppDelegate.m in Sources */ = {isa = PBXBuildFile; fileRef = 21F05CCA2C5734A6001355CC /* AppDelegate.m */; };
		21F05CCE2C5734A6001355CC /* SceneDelegate.m in Sources */ = {isa = PBXBuildFile; fileRef = 21F05CCD2C5734A6001355CC /* SceneDelegate.m */; };
		21F05CD12C5734A6001355CC /* ViewController.m in Sources */ = {isa = PBXBuildFile; fileRef = 21F05CD02C5734A6001355CC /* ViewController.m */; };
		21F05CD42C5734A6001355CC /* Base in Resources */ = {isa = PBXBuildFile; fileRef = 21F05CD32C5734A6001355CC /* Base */; };
		21F05CD62C5734A7001355CC /* Assets.xcassets in Resources */ = {isa = PBXBuildFile; fileRef = 21F05CD52C5734A7001355CC /* Assets.xcassets */; };
		21F05CD92C5734A7001355CC /* Base in Resources */ = {isa = PBXBuildFile; fileRef = 21F05CD82C5734A7001355CC /* Base */; };
		21F05CDC2C5734A7001355CC /* main.m in Sources */ = {isa = PBXBuildFile; fileRef = 21F05CDB2C5734A7001355CC /* main.m */; };
		21F05CE42C573633001355CC /* View2.m in Sources */ = {isa = PBXBuildFile; fileRef = 21F05CE32C573633001355CC /* View2.m */; };
/* End PBXBuildFile section */

/* Begin PBXFileReference section */
		2147AC492C574D3400E1D105 /* oc-learn-Bridging-Header.h */ = {isa = PBXFileReference; lastKnownFileType = sourcecode.c.h; path = "oc-learn-Bridging-Header.h"; sourceTree = "<group>"; };
		2147AC4A2C574D3500E1D105 /* FloatBtn.swift */ = {isa = PBXFileReference; lastKnownFileType = sourcecode.swift; path = FloatBtn.swift; sourceTree = "<group>"; };
		2147AC4C2C5787C300E1D105 /* SwiftUIView.swift */ = {isa = PBXFileReference; lastKnownFileType = sourcecode.swift; path = SwiftUIView.swift; sourceTree = "<group>"; };
		21F05CC62C5734A6001355CC /* oc-learn.app */ = {isa = PBXFileReference; explicitFileType = wrapper.application; includeInIndex = 0; path = "oc-learn.app"; sourceTree = BUILT_PRODUCTS_DIR; };
		21F05CC92C5734A6001355CC /* AppDelegate.h */ = {isa = PBXFileReference; lastKnownFileType = sourcecode.c.h; path = AppDelegate.h; sourceTree = "<group>"; };
		21F05CCA2C5734A6001355CC /* AppDelegate.m */ = {isa = PBXFileReference; lastKnownFileType = sourcecode.c.objc; path = AppDelegate.m; sourceTree = "<group>"; };
		21F05CCC2C5734A6001355CC /* SceneDelegate.h */ = {isa = PBXFileReference; lastKnownFileType = sourcecode.c.h; path = SceneDelegate.h; sourceTree = "<group>"; };
		21F05CCD2C5734A6001355CC /* SceneDelegate.m */ = {isa = PBXFileReference; lastKnownFileType = sourcecode.c.objc; path = SceneDelegate.m; sourceTree = "<group>"; };
		21F05CCF2C5734A6001355CC /* ViewController.h */ = {isa = PBXFileReference; lastKnownFileType = sourcecode.c.h; path = ViewController.h; sourceTree = "<group>"; };
		21F05CD02C5734A6001355CC /* ViewController.m */ = {isa = PBXFileReference; lastKnownFileType = sourcecode.c.objc; path = ViewController.m; sourceTree = "<group>"; };
		21F05CD32C5734A6001355CC /* Base */ = {isa = PBXFileReference; lastKnownFileType = file.storyboard; name = Base; path = Base.lproj/Main.storyboard; sourceTree = "<group>"; };
		21F05CD52C5734A7001355CC /* Assets.xcassets */ = {isa = PBXFileReference; lastKnownFileType = folder.assetcatalog; path = Assets.xcassets; sourceTree = "<group>"; };
		21F05CD82C5734A7001355CC /* Base */ = {isa = PBXFileReference; lastKnownFileType = file.storyboard; name = Base; path = Base.lproj/LaunchScreen.storyboard; sourceTree = "<group>"; };
		21F05CDA2C5734A7001355CC /* Info.plist */ = {isa = PBXFileReference; lastKnownFileType = text.plist.xml; path = Info.plist; sourceTree = "<group>"; };
		21F05CDB2C5734A7001355CC /* main.m */ = {isa = PBXFileReference; lastKnownFileType = sourcecode.c.objc; path = main.m; sourceTree = "<group>"; };
		21F05CE22C5735DA001355CC /* View2.h */ = {isa = PBXFileReference; lastKnownFileType = sourcecode.c.h; path = View2.h; sourceTree = "<group>"; };
		21F05CE32C573633001355CC /* View2.m */ = {isa = PBXFileReference; lastKnownFileType = sourcecode.c.objc; path = View2.m; sourceTree = "<group>"; };
/* End PBXFileReference section */

/* Begin PBXFrameworksBuildPhase section */
		21F05CC32C5734A6001355CC /* Frameworks */ = {
			isa = PBXFrameworksBuildPhase;
			buildActionMask = 2147483647;
			files = (
			);
			runOnlyForDeploymentPostprocessing = 0;
		};
/* End PBXFrameworksBuildPhase section */

/* Begin PBXGroup section */
		21F05CBD2C5734A6001355CC = {
			isa = PBXGroup;
			children = (
				21F05CC82C5734A6001355CC /* oc-learn */,
				21F05CC72C5734A6001355CC /* Products */,
			);
			sourceTree = "<group>";
		};
		21F05CC72C5734A6001355CC /* Products */ = {
			isa = PBXGroup;
			children = (
				21F05CC62C5734A6001355CC /* oc-learn.app */,
			);
			name = Products;
			sourceTree = "<group>";
		};
		21F05CC82C5734A6001355CC /* oc-learn */ = {
			isa = PBXGroup;
			children = (
				21F05CC92C5734A6001355CC /* AppDelegate.h */,
				21F05CCA2C5734A6001355CC /* AppDelegate.m */,
				21F05CCC2C5734A6001355CC /* SceneDelegate.h */,
				21F05CCD2C5734A6001355CC /* SceneDelegate.m */,
				21F05CCF2C5734A6001355CC /* ViewController.h */,
				21F05CD02C5734A6001355CC /* ViewController.m */,
				21F05CD22C5734A6001355CC /* Main.storyboard */,
				21F05CD52C5734A7001355CC /* Assets.xcassets */,
				21F05CD72C5734A7001355CC /* LaunchScreen.storyboard */,
				21F05CDA2C5734A7001355CC /* Info.plist */,
				21F05CDB2C5734A7001355CC /* main.m */,
				21F05CE22C5735DA001355CC /* View2.h */,
				21F05CE32C573633001355CC /* View2.m */,
				2147AC4A2C574D3500E1D105 /* FloatBtn.swift */,
				2147AC492C574D3400E1D105 /* oc-learn-Bridging-Header.h */,
				2147AC4C2C5787C300E1D105 /* SwiftUIView.swift */,
			);
			path = "oc-learn";
			sourceTree = "<group>";
		};
/* End PBXGroup section */

/* Begin PBXNativeTarget section */
		21F05CC52C5734A6001355CC /* oc-learn */ = {
			isa = PBXNativeTarget;
			buildConfigurationList = 21F05CDF2C5734A7001355CC /* Build configuration list for PBXNativeTarget "oc-learn" */;
			buildPhases = (
				21F05CC22C5734A6001355CC /* Sources */,
				21F05CC32C5734A6001355CC /* Frameworks */,
				21F05CC42C5734A6001355CC /* Resources */,
			);
			buildRules = (
			);
			dependencies = (
			);
			name = "oc-learn";
			productName = "oc-learn";
			productReference = 21F05CC62C5734A6001355CC /* oc-learn.app */;
			productType = "com.apple.product-type.application";
		};
/* End PBXNativeTarget section */

/* Begin PBXProject section */
		21F05CBE2C5734A6001355CC /* Project object */ = {
			isa = PBXProject;
			attributes = {
				BuildIndependentTargetsInParallel = 1;
				LastUpgradeCheck = 1540;
				TargetAttributes = {
					21F05CC52C5734A6001355CC = {
						CreatedOnToolsVersion = 15.4;
						LastSwiftMigration = 1540;
					};
				};
			};
			buildConfigurationList = 21F05CC12C5734A6001355CC /* Build configuration list for PBXProject "oc-learn" */;
			compatibilityVersion = "Xcode 14.0";
			developmentRegion = en;
			hasScannedForEncodings = 0;
			knownRegions = (
				en,
				Base,
			);
			mainGroup = 21F05CBD2C5734A6001355CC;
			productRefGroup = 21F05CC72C5734A6001355CC /* Products */;
			projectDirPath = "";
			projectRoot = "";
			targets = (
				21F05CC52C5734A6001355CC /* oc-learn */,
			);
		};
/* End PBXProject section */

/* Begin PBXResourcesBuildPhase section */
		21F05CC42C5734A6001355CC /* Resources */ = {
			isa = PBXResourcesBuildPhase;
			buildActionMask = 2147483647;
			files = (
				21F05CD62C5734A7001355CC /* Assets.xcassets in Resources */,
				21F05CD92C5734A7001355CC /* Base in Resources */,
				21F05CD42C5734A6001355CC /* Base in Resources */,
			);
			runOnlyForDeploymentPostprocessing = 0;
		};
/* End PBXResourcesBuildPhase section */

/* Begin PBXSourcesBuildPhase section */
		21F05CC22C5734A6001355CC /* Sources */ = {
			isa = PBXSourcesBuildPhase;
			buildActionMask = 2147483647;
			files = (
				21F05CD12C5734A6001355CC /* ViewController.m in Sources */,
				2147AC4D2C5787C300E1D105 /* SwiftUIView.swift in Sources */,
				21F05CCB2C5734A6001355CC /* AppDelegate.m in Sources */,
				21F05CE42C573633001355CC /* View2.m in Sources */,
				2147AC4B2C574D3500E1D105 /* FloatBtn.swift in Sources */,
				21F05CDC2C5734A7001355CC /* main.m in Sources */,
				21F05CCE2C5734A6001355CC /* SceneDelegate.m in Sources */,
			);
			runOnlyForDeploymentPostprocessing = 0;
		};
/* End PBXSourcesBuildPhase section */

/* Begin PBXVariantGroup section */
		21F05CD22C5734A6001355CC /* Main.storyboard */ = {
			isa = PBXVariantGroup;
			children = (
				21F05CD32C5734A6001355CC /* Base */,
			);
			name = Main.storyboard;
			sourceTree = "<group>";
		};
		21F05CD72C5734A7001355CC /* LaunchScreen.storyboard */ = {
			isa = PBXVariantGroup;
			children = (
				21F05CD82C5734A7001355CC /* Base */,
			);
			name = LaunchScreen.storyboard;
			sourceTree = "<group>";
		};
/* End PBXVariantGroup section */

/* Begin XCBuildConfiguration section */
		21F05CDD2C5734A7001355CC /* Debug */ = {
			isa = XCBuildConfiguration;
			buildSettings = {
				ALWAYS_SEARCH_USER_PATHS = NO;
				ASSETCATALOG_COMPILER_GENERATE_SWIFT_ASSET_SYMBOL_EXTENSIONS = YES;
				CLANG_ANALYZER_NONNULL = YES;
				CLANG_ANALYZER_NUMBER_OBJECT_CONVERSION = YES_AGGRESSIVE;
				CLANG_CXX_LANGUAGE_STANDARD = "gnu++20";
				CLANG_ENABLE_MODULES = YES;
				CLANG_ENABLE_OBJC_ARC = YES;
				CLANG_ENABLE_OBJC_WEAK = YES;
				CLANG_WARN_BLOCK_CAPTURE_AUTORELEASING = YES;
				CLANG_WARN_BOOL_CONVERSION = YES;
				CLANG_WARN_COMMA = YES;
				CLANG_WARN_CONSTANT_CONVERSION = YES;
				CLANG_WARN_DEPRECATED_OBJC_IMPLEMENTATIONS = YES;
				CLANG_WARN_DIRECT_OBJC_ISA_USAGE = YES_ERROR;
				CLANG_WARN_DOCUMENTATION_COMMENTS = YES;
				CLANG_WARN_EMPTY_BODY = YES;
				CLANG_WARN_ENUM_CONVERSION = YES;
				CLANG_WARN_INFINITE_RECURSION = YES;
				CLANG_WARN_INT_CONVERSION = YES;
				CLANG_WARN_NON_LITERAL_NULL_CONVERSION = YES;
				CLANG_WARN_OBJC_IMPLICIT_RETAIN_SELF = YES;
				CLANG_WARN_OBJC_LITERAL_CONVERSION = YES;
				CLANG_WARN_OBJC_ROOT_CLASS = YES_ERROR;
				CLANG_WARN_QUOTED_INCLUDE_IN_FRAMEWORK_HEADER = YES;
				CLANG_WARN_RANGE_LOOP_ANALYSIS = YES;
				CLANG_WARN_STRICT_PROTOTYPES = YES;
				CLANG_WARN_SUSPICIOUS_MOVE = YES;
				CLANG_WARN_UNGUARDED_AVAILABILITY = YES_AGGRESSIVE;
				CLANG_WARN_UNREACHABLE_CODE = YES;
				CLANG_WARN__DUPLICATE_METHOD_MATCH = YES;
				COPY_PHASE_STRIP = NO;
				DEBUG_INFORMATION_FORMAT = dwarf;
				ENABLE_STRICT_OBJC_MSGSEND = YES;
				ENABLE_TESTABILITY = YES;
				ENABLE_USER_SCRIPT_SANDBOXING = YES;
				GCC_C_LANGUAGE_STANDARD = gnu17;
				GCC_DYNAMIC_NO_PIC = NO;
				GCC_NO_COMMON_BLOCKS = YES;
				GCC_OPTIMIZATION_LEVEL = 0;
				GCC_PREPROCESSOR_DEFINITIONS = (
					"DEBUG=1",
					"$(inherited)",
				);
				GCC_WARN_64_TO_32_BIT_CONVERSION = YES;
				GCC_WARN_ABOUT_RETURN_TYPE = YES_ERROR;
				GCC_WARN_UNDECLARED_SELECTOR = YES;
				GCC_WARN_UNINITIALIZED_AUTOS = YES_AGGRESSIVE;
				GCC_WARN_UNUSED_FUNCTION = YES;
				GCC_WARN_UNUSED_VARIABLE = YES;
				IPHONEOS_DEPLOYMENT_TARGET = 15.0;
				LOCALIZATION_PREFERS_STRING_CATALOGS = YES;
				MTL_ENABLE_DEBUG_INFO = INCLUDE_SOURCE;
				MTL_FAST_MATH = YES;
				ONLY_ACTIVE_ARCH = YES;
				SDKROOT = iphoneos;
			};
			name = Debug;
		};
		21F05CDE2C5734A7001355CC /* Release */ = {
			isa = XCBuildConfiguration;
			buildSettings = {
				ALWAYS_SEARCH_USER_PATHS = NO;
				ASSETCATALOG_COMPILER_GENERATE_SWIFT_ASSET_SYMBOL_EXTENSIONS = YES;
				CLANG_ANALYZER_NONNULL = YES;
				CLANG_ANALYZER_NUMBER_OBJECT_CONVERSION = YES_AGGRESSIVE;
				CLANG_CXX_LANGUAGE_STANDARD = "gnu++20";
				CLANG_ENABLE_MODULES = YES;
				CLANG_ENABLE_OBJC_ARC = YES;
				CLANG_ENABLE_OBJC_WEAK = YES;
				CLANG_WARN_BLOCK_CAPTURE_AUTORELEASING = YES;
				CLANG_WARN_BOOL_CONVERSION = YES;
				CLANG_WARN_COMMA = YES;
				CLANG_WARN_CONSTANT_CONVERSION = YES;
				CLANG_WARN_DEPRECATED_OBJC_IMPLEMENTATIONS = YES;
				CLANG_WARN_DIRECT_OBJC_ISA_USAGE = YES_ERROR;
				CLANG_WARN_DOCUMENTATION_COMMENTS = YES;
				CLANG_WARN_EMPTY_BODY = YES;
				CLANG_WARN_ENUM_CONVERSION = YES;
				CLANG_WARN_INFINITE_RECURSION = YES;
				CLANG_WARN_INT_CONVERSION = YES;
				CLANG_WARN_NON_LITERAL_NULL_CONVERSION = YES;
				CLANG_WARN_OBJC_IMPLICIT_RETAIN_SELF = YES;
				CLANG_WARN_OBJC_LITERAL_CONVERSION = YES;
				CLANG_WARN_OBJC_ROOT_CLASS = YES_ERROR;
				CLANG_WARN_QUOTED_INCLUDE_IN_FRAMEWORK_HEADER = YES;
				CLANG_WARN_RANGE_LOOP_ANALYSIS = YES;
				CLANG_WARN_STRICT_PROTOTYPES = YES;
				CLANG_WARN_SUSPICIOUS_MOVE = YES;
				CLANG_WARN_UNGUARDED_AVAILABILITY = YES_AGGRESSIVE;
				CLANG_WARN_UNREACHABLE_CODE = YES;
				CLANG_WARN__DUPLICATE_METHOD_MATCH = YES;
				COPY_PHASE_STRIP = NO;
				DEBUG_INFORMATION_FORMAT = "dwarf-with-dsym";
				ENABLE_NS_ASSERTIONS = NO;
				ENABLE_STRICT_OBJC_MSGSEND = YES;
				ENABLE_USER_SCRIPT_SANDBOXING = YES;
				GCC_C_LANGUAGE_STANDARD = gnu17;
				GCC_NO_COMMON_BLOCKS = YES;
				GCC_WARN_64_TO_32_BIT_CONVERSION = YES;
				GCC_WARN_ABOUT_RETURN_TYPE = YES_ERROR;
				GCC_WARN_UNDECLARED_SELECTOR = YES;
				GCC_WARN_UNINITIALIZED_AUTOS = YES_AGGRESSIVE;
				GCC_WARN_UNUSED_FUNCTION = YES;
				GCC_WARN_UNUSED_VARIABLE = YES;
				IPHONEOS_DEPLOYMENT_TARGET = 15.0;
				LOCALIZATION_PREFERS_STRING_CATALOGS = YES;
				MTL_ENABLE_DEBUG_INFO = NO;
				MTL_FAST_MATH = YES;
				SDKROOT = iphoneos;
				VALIDATE_PRODUCT = YES;
			};
			name = Release;
		};
		21F05CE02C5734A7001355CC /* Debug */ = {
			isa = XCBuildConfiguration;
			buildSettings = {
				ASSETCATALOG_COMPILER_APPICON_NAME = AppIcon;
				ASSETCATALOG_COMPILER_GLOBAL_ACCENT_COLOR_NAME = AccentColor;
				CLANG_ENABLE_MODULES = YES;
				CODE_SIGN_STYLE = Automatic;
				CURRENT_PROJECT_VERSION = 1;
				DEVELOPMENT_TEAM = Q4J8HDK83K;
				GENERATE_INFOPLIST_FILE = YES;
				INFOPLIST_FILE = "oc-learn/Info.plist";
				INFOPLIST_KEY_UIApplicationSupportsIndirectInputEvents = YES;
				INFOPLIST_KEY_UILaunchStoryboardName = LaunchScreen;
				INFOPLIST_KEY_UIMainStoryboardFile = Main;
				INFOPLIST_KEY_UISupportedInterfaceOrientations_iPad = "UIInterfaceOrientationPortrait UIInterfaceOrientationPortraitUpsideDown UIInterfaceOrientationLandscapeLeft UIInterfaceOrientationLandscapeRight";
				INFOPLIST_KEY_UISupportedInterfaceOrientations_iPhone = "UIInterfaceOrientationPortrait UIInterfaceOrientationLandscapeLeft UIInterfaceOrientationLandscapeRight";
				IPHONEOS_DEPLOYMENT_TARGET = 15.0;
				LD_RUNPATH_SEARCH_PATHS = (
					"$(inherited)",
					"@executable_path/Frameworks",
				);
				MARKETING_VERSION = 1.0;
				PRODUCT_BUNDLE_IDENTIFIER = "com.ipadump.ios-list.oc-learn";
				PRODUCT_NAME = "$(TARGET_NAME)";
				SWIFT_EMIT_LOC_STRINGS = YES;
				SWIFT_OBJC_BRIDGING_HEADER = "oc-learn/oc-learn-Bridging-Header.h";
				SWIFT_OPTIMIZATION_LEVEL = "-Onone";
				SWIFT_VERSION = 5.0;
				TARGETED_DEVICE_FAMILY = "1,2";
			};
			name = Debug;
		};
		21F05CE12C5734A7001355CC /* Release */ = {
			isa = XCBuildConfiguration;
			buildSettings = {
				ASSETCATALOG_COMPILER_APPICON_NAME = AppIcon;
				ASSETCATALOG_COMPILER_GLOBAL_ACCENT_COLOR_NAME = AccentColor;
				CLANG_ENABLE_MODULES = YES;
				CODE_SIGN_STYLE = Automatic;
				CURRENT_PROJECT_VERSION = 1;
				DEVELOPMENT_TEAM = Q4J8HDK83K;
				GENERATE_INFOPLIST_FILE = YES;
				INFOPLIST_FILE = "oc-learn/Info.plist";
				INFOPLIST_KEY_UIApplicationSupportsIndirectInputEvents = YES;
				INFOPLIST_KEY_UILaunchStoryboardName = LaunchScreen;
				INFOPLIST_KEY_UIMainStoryboardFile = Main;
				INFOPLIST_KEY_UISupportedInterfaceOrientations_iPad = "UIInterfaceOrientationPortrait UIInterfaceOrientationPortraitUpsideDown UIInterfaceOrientationLandscapeLeft UIInterfaceOrientationLandscapeRight";
				INFOPLIST_KEY_UISupportedInterfaceOrientations_iPhone = "UIInterfaceOrientationPortrait UIInterfaceOrientationLandscapeLeft UIInterfaceOrientationLandscapeRight";
				IPHONEOS_DEPLOYMENT_TARGET = 15.0;
				LD_RUNPATH_SEARCH_PATHS = (
					"$(inherited)",
					"@executable_path/Frameworks",
				);
				MARKETING_VERSION = 1.0;
				PRODUCT_BUNDLE_IDENTIFIER = "com.ipadump.ios-list.oc-learn";
				PRODUCT_NAME = "$(TARGET_NAME)";
				SWIFT_EMIT_LOC_STRINGS = YES;
				SWIFT_OBJC_BRIDGING_HEADER = "oc-learn/oc-learn-Bridging-Header.h";
				SWIFT_VERSION = 5.0;
				TARGETED_DEVICE_FAMILY = "1,2";
			};
			name = Release;
		};
/* End XCBuildConfiguration section */

/* Begin XCConfigurationList section */
		21F05CC12C5734A6001355CC /* Build configuration list for PBXProject "oc-learn" */ = {
			isa = XCConfigurationList;
			buildConfigurations = (
				21F05CDD2C5734A7001355CC /* Debug */,
				21F05CDE2C5734A7001355CC /* Release */,
			);
			defaultConfigurationIsVisible = 0;
			defaultConfigurationName = Release;
		};
		21F05CDF2C5734A7001355CC /* Build configuration list for PBXNativeTarget "oc-learn" */ = {
			isa = XCConfigurationList;
			buildConfigurations = (
				21F05CE02C5734A7001355CC /* Debug */,
				21F05CE12C5734A7001355CC /* Release */,
			);
			defaultConfigurationIsVisible = 0;
			defaultConfigurationName = Release;
		};
/* End XCConfigurationList section */
	};
	rootObject = 21F05CBE2C5734A6001355CC /* Project object */;
}
